
Microsoft Visual Studio Solution File, Format Version 12.00
# Visual Studio Version 16
VisualStudioVersion = 16.0.29911.84
MinimumVisualStudioVersion = 10.0.40219.1
Project("{9A19103F-16F7-4668-BE54-9A1E7A4F7556}") = "Application", "UdemySalesWebApp\Application.csproj", "{6F3ED650-C769-4745-A01A-3EA3FFFF009D}"
EndProject
Project("{2150E333-8FDC-42A3-9474-1A3956D46DE8}") = "App", "App", "{34E45CA9-0703-49AC-A8C7-7CA5CC75ECEC}"
EndProject
Project("{2150E333-8FDC-42A3-9474-1A3956D46DE8}") = "Dom", "Dom", "{C2FDB314-1A2C-42B8-A4D7-ACFABB33B80E}"
EndProject
Project("{2150E333-8FDC-42A3-9474-1A3956D46DE8}") = "Repo", "Repo", "{86CE4BDC-8848-406D-A4A8-6BAD263AEDB1}"
EndProject
Project("{2150E333-8FDC-42A3-9474-1A3956D46DE8}") = "Infra", "Infra", "{8F61731C-89F0-4154-8BFD-9384AC2A37E1}"
EndProject
Project("{FAE04EC0-301F-11D3-BF4B-00C04F79EFBC}") = "Domain", "DomainCL\Domain.csproj", "{C3839B4B-6EB1-4C3E-BFF2-30B29A7135A9}"
EndProject
Global
	GlobalSection(SolutionConfigurationPlatforms) = preSolution
		Debug|Any CPU = Debug|Any CPU
		Release|Any CPU = Release|Any CPU
	EndGlobalSection
	GlobalSection(ProjectConfigurationPlatforms) = postSolution
		{6F3ED650-C769-4745-A01A-3EA3FFFF009D}.Debug|Any CPU.ActiveCfg = Debug|Any CPU
		{6F3ED650-C769-4745-A01A-3EA3FFFF009D}.Debug|Any CPU.Build.0 = Debug|Any CPU
		{6F3ED650-C769-4745-A01A-3EA3FFFF009D}.Release|Any CPU.ActiveCfg = Release|Any CPU
		{6F3ED650-C769-4745-A01A-3EA3FFFF009D}.Release|Any CPU.Build.0 = Release|Any CPU
		{C3839B4B-6EB1-4C3E-BFF2-30B29A7135A9}.Debug|Any CPU.ActiveCfg = Debug|Any CPU
		{C3839B4B-6EB1-4C3E-BFF2-30B29A7135A9}.Debug|Any CPU.Build.0 = Debug|Any CPU
		{C3839B4B-6EB1-4C3E-BFF2-30B29A7135A9}.Release|Any CPU.ActiveCfg = Release|Any CPU
		{C3839B4B-6EB1-4C3E-BFF2-30B29A7135A9}.Release|Any CPU.Build.0 = Release|Any CPU
	EndGlobalSection
	GlobalSection(SolutionProperties) = preSolution
		HideSolutionNode = FALSE
	EndGlobalSection
	GlobalSection(NestedProjects) = preSolution
		{6F3ED650-C769-4745-A01A-3EA3FFFF009D} = {34E45CA9-0703-49AC-A8C7-7CA5CC75ECEC}
		{C3839B4B-6EB1-4C3E-BFF2-30B29A7135A9} = {C2FDB314-1A2C-42B8-A4D7-ACFABB33B80E}
	EndGlobalSection
	GlobalSection(ExtensibilityGlobals) = postSolution
		SolutionGuid = {D634C4FF-7E49-4CC1-911D-D6F0CBABACE7}
	EndGlobalSection
EndGlobal
